
Microsoft Visual Studio Solution File, Format Version 12.00
# Visual Studio 15
VisualStudioVersion = 15.0.28307.329
MinimumVisualStudioVersion = 10.0.40219.1
Project("{9A19103F-16F7-4668-BE54-9A1E7A4F7556}") = "WHMSData", "WHMSData\WHMSData.csproj", "{61CBD34B-1A78-4A8E-8A5D-B5B2402F641A}"
EndProject
Project("{9A19103F-16F7-4668-BE54-9A1E7A4F7556}") = "WHMS.Services", "WHMS.Services\WHMS.Services.csproj", "{21585437-1D06-48BD-BE68-D0ABD3B034B3}"
EndProject
Project("{9A19103F-16F7-4668-BE54-9A1E7A4F7556}") = "WHMS.Services.Tests", "WHMS.Tests\WHMS.Services.Tests.csproj", "{35FFC9A2-5A6C-401F-9A31-54AF1E7076BA}"
EndProject
Project("{9A19103F-16F7-4668-BE54-9A1E7A4F7556}") = "WHMSWebApp", "WHMSWebApp\WHMSWebApp.csproj", "{951E8C31-3771-4E9D-BAAD-1A2EF5CD7DC7}"
EndProject
Global
	GlobalSection(SolutionConfigurationPlatforms) = preSolution
		Debug|Any CPU = Debug|Any CPU
		Release|Any CPU = Release|Any CPU
	EndGlobalSection
	GlobalSection(ProjectConfigurationPlatforms) = postSolution
		{61CBD34B-1A78-4A8E-8A5D-B5B2402F641A}.Debug|Any CPU.ActiveCfg = Debug|Any CPU
		{61CBD34B-1A78-4A8E-8A5D-B5B2402F641A}.Debug|Any CPU.Build.0 = Debug|Any CPU
		{61CBD34B-1A78-4A8E-8A5D-B5B2402F641A}.Release|Any CPU.ActiveCfg = Release|Any CPU
		{61CBD34B-1A78-4A8E-8A5D-B5B2402F641A}.Release|Any CPU.Build.0 = Release|Any CPU
		{21585437-1D06-48BD-BE68-D0ABD3B034B3}.Debug|Any CPU.ActiveCfg = Debug|Any CPU
		{21585437-1D06-48BD-BE68-D0ABD3B034B3}.Debug|Any CPU.Build.0 = Debug|Any CPU
		{21585437-1D06-48BD-BE68-D0ABD3B034B3}.Release|Any CPU.ActiveCfg = Release|Any CPU
		{21585437-1D06-48BD-BE68-D0ABD3B034B3}.Release|Any CPU.Build.0 = Release|Any CPU
		{35FFC9A2-5A6C-401F-9A31-54AF1E7076BA}.Debug|Any CPU.ActiveCfg = Debug|Any CPU
		{35FFC9A2-5A6C-401F-9A31-54AF1E7076BA}.Debug|Any CPU.Build.0 = Debug|Any CPU
		{35FFC9A2-5A6C-401F-9A31-54AF1E7076BA}.Release|Any CPU.ActiveCfg = Release|Any CPU
		{35FFC9A2-5A6C-401F-9A31-54AF1E7076BA}.Release|Any CPU.Build.0 = Release|Any CPU
		{951E8C31-3771-4E9D-BAAD-1A2EF5CD7DC7}.Debug|Any CPU.ActiveCfg = Debug|Any CPU
		{951E8C31-3771-4E9D-BAAD-1A2EF5CD7DC7}.Debug|Any CPU.Build.0 = Debug|Any CPU
		{951E8C31-3771-4E9D-BAAD-1A2EF5CD7DC7}.Release|Any CPU.ActiveCfg = Release|Any CPU
		{951E8C31-3771-4E9D-BAAD-1A2EF5CD7DC7}.Release|Any CPU.Build.0 = Release|Any CPU
	EndGlobalSection
	GlobalSection(SolutionProperties) = preSolution
		HideSolutionNode = FALSE
	EndGlobalSection
	GlobalSection(ExtensibilityGlobals) = postSolution
		SolutionGuid = {74B3F106-509C-4088-8591-7386D3B9DA3C}
	EndGlobalSection
EndGlobal
